
Microsoft Visual Studio Solution File, Format Version 12.00
# Visual Studio 2013
VisualStudioVersion = 12.0.21005.1
MinimumVisualStudioVersion = 10.0.40219.1
Project("{FAE04EC0-301F-11D3-BF4B-00C04F79EFBC}") = "EEGETAnalysis.Library", "EEGETAnalysis.Library\EEGETAnalysis.Library.csproj", "{CC927632-89EF-4542-8D63-C8CBDC563030}"
EndProject
Project("{FAE04EC0-301F-11D3-BF4B-00C04F79EFBC}") = "EEGETAnalysis.GUI", "EEGETAnalysis.GUI\EEGETAnalysis.GUI.csproj", "{8779534B-F1FB-41D1-9596-01D49355BE29}"
EndProject
Project("{8BC9CEB8-8B4A-11D0-8D11-00A0C91BC942}") = "EmotivEPOCMeasureConsoleApplication", "EmotivEPOCMeasureConsoleApplication\EmotivEPOCMeasureConsoleApplication.vcxproj", "{7277535B-B240-4E8C-9EBB-F93AB8D658DF}"
EndProject
Project("{2150E333-8FDC-42A3-9474-1A3956D46DE8}") = "TestInstances", "TestInstances", "{DCE91F8F-5560-4560-AA98-077337C99E4B}"
EndProject
Project("{2150E333-8FDC-42A3-9474-1A3956D46DE8}") = "Experiment1", "Experiment1", "{75FB8A25-CA5A-4CCD-990E-6A939E97A15E}"
	ProjectSection(SolutionItems) = preProject
		..\Testdaten\Apple iPhone 5 - TV Ad - Music Every Day.mp4 = ..\Testdaten\Apple iPhone 5 - TV Ad - Music Every Day.mp4
		..\Testdaten\iPhone5_Ad_Thomas_mit_EEG.csv = ..\Testdaten\iPhone5_Ad_Thomas_mit_EEG.csv
	EndProjectSection
EndProject
Global
	GlobalSection(SolutionConfigurationPlatforms) = preSolution
		Debug|Any CPU = Debug|Any CPU
		Debug|Mixed Platforms = Debug|Mixed Platforms
		Debug|Win32 = Debug|Win32
		Release|Any CPU = Release|Any CPU
		Release|Mixed Platforms = Release|Mixed Platforms
		Release|Win32 = Release|Win32
	EndGlobalSection
	GlobalSection(ProjectConfigurationPlatforms) = postSolution
		{CC927632-89EF-4542-8D63-C8CBDC563030}.Debug|Any CPU.ActiveCfg = Debug|Any CPU
		{CC927632-89EF-4542-8D63-C8CBDC563030}.Debug|Any CPU.Build.0 = Debug|Any CPU
		{CC927632-89EF-4542-8D63-C8CBDC563030}.Debug|Mixed Platforms.ActiveCfg = Debug|Any CPU
		{CC927632-89EF-4542-8D63-C8CBDC563030}.Debug|Mixed Platforms.Build.0 = Debug|Any CPU
		{CC927632-89EF-4542-8D63-C8CBDC563030}.Debug|Win32.ActiveCfg = Debug|Any CPU
		{CC927632-89EF-4542-8D63-C8CBDC563030}.Release|Any CPU.ActiveCfg = Release|Any CPU
		{CC927632-89EF-4542-8D63-C8CBDC563030}.Release|Any CPU.Build.0 = Release|Any CPU
		{CC927632-89EF-4542-8D63-C8CBDC563030}.Release|Mixed Platforms.ActiveCfg = Release|Any CPU
		{CC927632-89EF-4542-8D63-C8CBDC563030}.Release|Mixed Platforms.Build.0 = Release|Any CPU
		{CC927632-89EF-4542-8D63-C8CBDC563030}.Release|Win32.ActiveCfg = Release|Any CPU
		{8779534B-F1FB-41D1-9596-01D49355BE29}.Debug|Any CPU.ActiveCfg = Debug|Any CPU
		{8779534B-F1FB-41D1-9596-01D49355BE29}.Debug|Any CPU.Build.0 = Debug|Any CPU
		{8779534B-F1FB-41D1-9596-01D49355BE29}.Debug|Mixed Platforms.ActiveCfg = Debug|Any CPU
		{8779534B-F1FB-41D1-9596-01D49355BE29}.Debug|Mixed Platforms.Build.0 = Debug|Any CPU
		{8779534B-F1FB-41D1-9596-01D49355BE29}.Debug|Win32.ActiveCfg = Debug|Any CPU
		{8779534B-F1FB-41D1-9596-01D49355BE29}.Release|Any CPU.ActiveCfg = Release|Any CPU
		{8779534B-F1FB-41D1-9596-01D49355BE29}.Release|Any CPU.Build.0 = Release|Any CPU
		{8779534B-F1FB-41D1-9596-01D49355BE29}.Release|Mixed Platforms.ActiveCfg = Release|Any CPU
		{8779534B-F1FB-41D1-9596-01D49355BE29}.Release|Mixed Platforms.Build.0 = Release|Any CPU
		{8779534B-F1FB-41D1-9596-01D49355BE29}.Release|Win32.ActiveCfg = Release|Any CPU
		{7277535B-B240-4E8C-9EBB-F93AB8D658DF}.Debug|Any CPU.ActiveCfg = Debug|Win32
		{7277535B-B240-4E8C-9EBB-F93AB8D658DF}.Debug|Mixed Platforms.ActiveCfg = Debug|Win32
		{7277535B-B240-4E8C-9EBB-F93AB8D658DF}.Debug|Mixed Platforms.Build.0 = Debug|Win32
		{7277535B-B240-4E8C-9EBB-F93AB8D658DF}.Debug|Win32.ActiveCfg = Debug|Win32
		{7277535B-B240-4E8C-9EBB-F93AB8D658DF}.Debug|Win32.Build.0 = Debug|Win32
		{7277535B-B240-4E8C-9EBB-F93AB8D658DF}.Release|Any CPU.ActiveCfg = Release|Win32
		{7277535B-B240-4E8C-9EBB-F93AB8D658DF}.Release|Mixed Platforms.ActiveCfg = Release|Win32
		{7277535B-B240-4E8C-9EBB-F93AB8D658DF}.Release|Mixed Platforms.Build.0 = Release|Win32
		{7277535B-B240-4E8C-9EBB-F93AB8D658DF}.Release|Win32.ActiveCfg = Release|Win32
		{7277535B-B240-4E8C-9EBB-F93AB8D658DF}.Release|Win32.Build.0 = Release|Win32
	EndGlobalSection
	GlobalSection(SolutionProperties) = preSolution
		HideSolutionNode = FALSE
	EndGlobalSection
	GlobalSection(NestedProjects) = preSolution
		{75FB8A25-CA5A-4CCD-990E-6A939E97A15E} = {DCE91F8F-5560-4560-AA98-077337C99E4B}
	EndGlobalSection
EndGlobal
